// !$*UTF8*$!
{
	archiveVersion = 1;
	classes = {
	};
	objectVersion = 46;
	objects = {

/* Begin PBXBuildFile section */
		32C5CBA51EBB87150022C517 /* main.m in Sources */ = {isa = PBXBuildFile; fileRef = 32C5CBA41EBB87150022C517 /* main.m */; };
		32C5CBAD1EBB872A0022C517 /* Doctor.m in Sources */ = {isa = PBXBuildFile; fileRef = 32C5CBAC1EBB872A0022C517 /* Doctor.m */; };
		32C5CBB01EBB87410022C517 /* Patient.m in Sources */ = {isa = PBXBuildFile; fileRef = 32C5CBAF1EBB87410022C517 /* Patient.m */; };
		32C5CBB31EBB94760022C517 /* Prescription.m in Sources */ = {isa = PBXBuildFile; fileRef = 32C5CBB21EBB94760022C517 /* Prescription.m */; };
/* End PBXBuildFile section */

/* Begin PBXCopyFilesBuildPhase section */
		32C5CB9F1EBB87150022C517 /* CopyFiles */ = {
			isa = PBXCopyFilesBuildPhase;
			buildActionMask = 2147483647;
			dstPath = /usr/share/man/man1/;
			dstSubfolderSpec = 0;
			files = (
			);
			runOnlyForDeploymentPostprocessing = 1;
		};
/* End PBXCopyFilesBuildPhase section */

/* Begin PBXFileReference section */
		32C5CBA11EBB87150022C517 /* whats_up_doc */ = {isa = PBXFileReference; explicitFileType = "compiled.mach-o.executable"; includeInIndex = 0; path = whats_up_doc; sourceTree = BUILT_PRODUCTS_DIR; };
		32C5CBA41EBB87150022C517 /* main.m */ = {isa = PBXFileReference; lastKnownFileType = sourcecode.c.objc; path = main.m; sourceTree = "<group>"; };
		32C5CBAB1EBB872A0022C517 /* Doctor.h */ = {isa = PBXFileReference; fileEncoding = 4; lastKnownFileType = sourcecode.c.h; path = Doctor.h; sourceTree = "<group>"; };
		32C5CBAC1EBB872A0022C517 /* Doctor.m */ = {isa = PBXFileReference; fileEncoding = 4; lastKnownFileType = sourcecode.c.objc; path = Doctor.m; sourceTree = "<group>"; };
		32C5CBAE1EBB87410022C517 /* Patient.h */ = {isa = PBXFileReference; fileEncoding = 4; lastKnownFileType = sourcecode.c.h; path = Patient.h; sourceTree = "<group>"; };
		32C5CBAF1EBB87410022C517 /* Patient.m */ = {isa = PBXFileReference; fileEncoding = 4; lastKnownFileType = sourcecode.c.objc; path = Patient.m; sourceTree = "<group>"; };
		32C5CBB11EBB94760022C517 /* Prescription.h */ = {isa = PBXFileReference; fileEncoding = 4; lastKnownFileType = sourcecode.c.h; path = Prescription.h; sourceTree = "<group>"; };
		32C5CBB21EBB94760022C517 /* Prescription.m */ = {isa = PBXFileReference; fileEncoding = 4; lastKnownFileType = sourcecode.c.objc; path = Prescription.m; sourceTree = "<group>"; };
/* End PBXFileReference section */

/* Begin PBXFrameworksBuildPhase section */
		32C5CB9E1EBB87150022C517 /* Frameworks */ = {
			isa = PBXFrameworksBuildPhase;
			buildActionMask = 2147483647;
			files = (
			);
			runOnlyForDeploymentPostprocessing = 0;
		};
/* End PBXFrameworksBuildPhase section */

/* Begin PBXGroup section */
		32C5CB981EBB87150022C517 = {
			isa = PBXGroup;
			children = (
				32C5CBA31EBB87150022C517 /* whats_up_doc */,
				32C5CBA21EBB87150022C517 /* Products */,
			);
			sourceTree = "<group>";
		};
		32C5CBA21EBB87150022C517 /* Products */ = {
			isa = PBXGroup;
			children = (
				32C5CBA11EBB87150022C517 /* whats_up_doc */,
			);
			name = Products;
			sourceTree = "<group>";
		};
		32C5CBA31EBB87150022C517 /* whats_up_doc */ = {
			isa = PBXGroup;
			children = (
				32C5CBA41EBB87150022C517 /* main.m */,
				32C5CBAB1EBB872A0022C517 /* Doctor.h */,
				32C5CBAC1EBB872A0022C517 /* Doctor.m */,
				32C5CBAE1EBB87410022C517 /* Patient.h */,
				32C5CBAF1EBB87410022C517 /* Patient.m */,
				32C5CBB11EBB94760022C517 /* Prescription.h */,
				32C5CBB21EBB94760022C517 /* Prescription.m */,
			);
			path = whats_up_doc;
			sourceTree = "<group>";
		};
/* End PBXGroup section */

/* Begin PBXNativeTarget section */
		32C5CBA01EBB87150022C517 /* whats_up_doc */ = {
			isa = PBXNativeTarget;
			buildConfigurationList = 32C5CBA81EBB87150022C517 /* Build configuration list for PBXNativeTarget "whats_up_doc" */;
			buildPhases = (
				32C5CB9D1EBB87150022C517 /* Sources */,
				32C5CB9E1EBB87150022C517 /* Frameworks */,
				32C5CB9F1EBB87150022C517 /* CopyFiles */,
			);
			buildRules = (
			);
			dependencies = (
			);
			name = whats_up_doc;
			productName = whats_up_doc;
			productReference = 32C5CBA11EBB87150022C517 /* whats_up_doc */;
			productType = "com.apple.product-type.tool";
		};
/* End PBXNativeTarget section */

/* Begin PBXProject section */
		32C5CB991EBB87150022C517 /* Project object */ = {
			isa = PBXProject;
			attributes = {
				LastUpgradeCheck = 0830;
				ORGANIZATIONNAME = Mandeep;
				TargetAttributes = {
					32C5CBA01EBB87150022C517 = {
						CreatedOnToolsVersion = 8.3.2;
						ProvisioningStyle = Automatic;
					};
				};
			};
			buildConfigurationList = 32C5CB9C1EBB87150022C517 /* Build configuration list for PBXProject "whats_up_doc" */;
			compatibilityVersion = "Xcode 3.2";
			developmentRegion = English;
			hasScannedForEncodings = 0;
			knownRegions = (
				en,
			);
			mainGroup = 32C5CB981EBB87150022C517;
			productRefGroup = 32C5CBA21EBB87150022C517 /* Products */;
			projectDirPath = "";
			projectRoot = "";
			targets = (
				32C5CBA01EBB87150022C517 /* whats_up_doc */,
			);
		};
/* End PBXProject section */

/* Begin PBXSourcesBuildPhase section */
		32C5CB9D1EBB87150022C517 /* Sources */ = {
			isa = PBXSourcesBuildPhase;
			buildActionMask = 2147483647;
			files = (
				32C5CBB01EBB87410022C517 /* Patient.m in Sources */,
				32C5CBAD1EBB872A0022C517 /* Doctor.m in Sources */,
				32C5CBA51EBB87150022C517 /* main.m in Sources */,
				32C5CBB31EBB94760022C517 /* Prescription.m in Sources */,
			);
			runOnlyForDeploymentPostprocessing = 0;
		};
/* End PBXSourcesBuildPhase section */

/* Begin XCBuildConfiguration section */
		32C5CBA61EBB87150022C517 /* Debug */ = {
			isa = XCBuildConfiguration;
			buildSettings = {
				ALWAYS_SEARCH_USER_PATHS = NO;
				CLANG_ANALYZER_NONNULL = YES;
				CLANG_ANALYZER_NUMBER_OBJECT_CONVERSION = YES_AGGRESSIVE;
				CLANG_CXX_LANGUAGE_STANDARD = "gnu++0x";
				CLANG_CXX_LIBRARY = "libc++";
				CLANG_ENABLE_MODULES = YES;
				CLANG_ENABLE_OBJC_ARC = YES;
				CLANG_WARN_BOOL_CONVERSION = YES;
				CLANG_WARN_CONSTANT_CONVERSION = YES;
				CLANG_WARN_DIRECT_OBJC_ISA_USAGE = YES_ERROR;
				CLANG_WARN_DOCUMENTATION_COMMENTS = YES;
				CLANG_WARN_EMPTY_BODY = YES;
				CLANG_WARN_ENUM_CONVERSION = YES;
				CLANG_WARN_INFINITE_RECURSION = YES;
				CLANG_WARN_INT_CONVERSION = YES;
				CLANG_WARN_OBJC_ROOT_CLASS = YES_ERROR;
				CLANG_WARN_SUSPICIOUS_MOVE = YES;
				CLANG_WARN_UNREACHABLE_CODE = YES;
				CLANG_WARN__DUPLICATE_METHOD_MATCH = YES;
				CODE_SIGN_IDENTITY = "-";
				COPY_PHASE_STRIP = NO;
				DEBUG_INFORMATION_FORMAT = dwarf;
				ENABLE_STRICT_OBJC_MSGSEND = YES;
				ENABLE_TESTABILITY = YES;
				GCC_C_LANGUAGE_STANDARD = gnu99;
				GCC_DYNAMIC_NO_PIC = NO;
				GCC_NO_COMMON_BLOCKS = YES;
				GCC_OPTIMIZATION_LEVEL = 0;
				GCC_PREPROCESSOR_DEFINITIONS = (
					"DEBUG=1",
					"$(inherited)",
				);
				GCC_WARN_64_TO_32_BIT_CONVERSION = YES;
				GCC_WARN_ABOUT_RETURN_TYPE = YES_ERROR;
				GCC_WARN_UNDECLARED_SELECTOR = YES;
				GCC_WARN_UNINITIALIZED_AUTOS = YES_AGGRESSIVE;
				GCC_WARN_UNUSED_FUNCTION = YES;
				GCC_WARN_UNUSED_VARIABLE = YES;
				MACOSX_DEPLOYMENT_TARGET = 10.12;
				MTL_ENABLE_DEBUG_INFO = YES;
				ONLY_ACTIVE_ARCH = YES;
				SDKROOT = macosx;
			};
			name = Debug;
		};
		32C5CBA71EBB87150022C517 /* Release */ = {
			isa = XCBuildConfiguration;
			buildSettings = {
				ALWAYS_SEARCH_USER_PATHS = NO;
				CLANG_ANALYZER_NONNULL = YES;
				CLANG_ANALYZER_NUMBER_OBJECT_CONVERSION = YES_AGGRESSIVE;
				CLANG_CXX_LANGUAGE_STANDARD = "gnu++0x";
				CLANG_CXX_LIBRARY = "libc++";
				CLANG_ENABLE_MODULES = YES;
				CLANG_ENABLE_OBJC_ARC = YES;
				CLANG_WARN_BOOL_CONVERSION = YES;
				CLANG_WARN_CONSTANT_CONVERSION = YES;
				CLANG_WARN_DIRECT_OBJC_ISA_USAGE = YES_ERROR;
				CLANG_WARN_DOCUMENTATION_COMMENTS = YES;
				CLANG_WARN_EMPTY_BODY = YES;
				CLANG_WARN_ENUM_CONVERSION = YES;
				CLANG_WARN_INFINITE_RECURSION = YES;
				CLANG_WARN_INT_CONVERSION = YES;
				CLANG_WARN_OBJC_ROOT_CLASS = YES_ERROR;
				CLANG_WARN_SUSPICIOUS_MOVE = YES;
				CLANG_WARN_UNREACHABLE_CODE = YES;
				CLANG_WARN__DUPLICATE_METHOD_MATCH = YES;
				CODE_SIGN_IDENTITY = "-";
				COPY_PHASE_STRIP = NO;
				DEBUG_INFORMATION_FORMAT = "dwarf-with-dsym";
				ENABLE_NS_ASSERTIONS = NO;
				ENABLE_STRICT_OBJC_MSGSEND = YES;
				GCC_C_LANGUAGE_STANDARD = gnu99;
				GCC_NO_COMMON_BLOCKS = YES;
				GCC_WARN_64_TO_32_BIT_CONVERSION = YES;
				GCC_WARN_ABOUT_RETURN_TYPE = YES_ERROR;
				GCC_WARN_UNDECLARED_SELECTOR = YES;
				GCC_WARN_UNINITIALIZED_AUTOS = YES_AGGRESSIVE;
				GCC_WARN_UNUSED_FUNCTION = YES;
				GCC_WARN_UNUSED_VARIABLE = YES;
				MACOSX_DEPLOYMENT_TARGET = 10.12;
				MTL_ENABLE_DEBUG_INFO = NO;
				SDKROOT = macosx;
			};
			name = Release;
		};
		32C5CBA91EBB87150022C517 /* Debug */ = {
			isa = XCBuildConfiguration;
			buildSettings = {
				PRODUCT_NAME = "$(TARGET_NAME)";
			};
			name = Debug;
		};
		32C5CBAA1EBB87150022C517 /* Release */ = {
			isa = XCBuildConfiguration;
			buildSettings = {
				PRODUCT_NAME = "$(TARGET_NAME)";
			};
			name = Release;
		};
/* End XCBuildConfiguration section */

/* Begin XCConfigurationList section */
		32C5CB9C1EBB87150022C517 /* Build configuration list for PBXProject "whats_up_doc" */ = {
			isa = XCConfigurationList;
			buildConfigurations = (
				32C5CBA61EBB87150022C517 /* Debug */,
				32C5CBA71EBB87150022C517 /* Release */,
			);
			defaultConfigurationIsVisible = 0;
			defaultConfigurationName = Release;
		};
		32C5CBA81EBB87150022C517 /* Build configuration list for PBXNativeTarget "whats_up_doc" */ = {
			isa = XCConfigurationList;
			buildConfigurations = (
				32C5CBA91EBB87150022C517 /* Debug */,
				32C5CBAA1EBB87150022C517 /* Release */,
			);
			defaultConfigurationIsVisible = 0;
		};
/* End XCConfigurationList section */
	};
	rootObject = 32C5CB991EBB87150022C517 /* Project object */;
}
